
Microsoft Visual Studio Solution File, Format Version 12.00
# Visual Studio 15
VisualStudioVersion = 15.0.28307.1022
MinimumVisualStudioVersion = 10.0.40219.1
Project("{FAE04EC0-301F-11D3-BF4B-00C04F79EFBC}") = "MyClass", "MyClass\MyClass.csproj", "{23EE8E49-1402-4C7E-9EA4-4551875D310C}"
EndProject
Global
	GlobalSection(SolutionConfigurationPlatforms) = preSolution
		Debug|Any CPU = Debug|Any CPU
		Release|Any CPU = Release|Any CPU
	EndGlobalSection
	GlobalSection(ProjectConfigurationPlatforms) = postSolution
		{23EE8E49-1402-4C7E-9EA4-4551875D310C}.Debug|Any CPU.ActiveCfg = Debug|Any CPU
		{23EE8E49-1402-4C7E-9EA4-4551875D310C}.Debug|Any CPU.Build.0 = Debug|Any CPU
		{23EE8E49-1402-4C7E-9EA4-4551875D310C}.Release|Any CPU.ActiveCfg = Release|Any CPU
		{23EE8E49-1402-4C7E-9EA4-4551875D310C}.Release|Any CPU.Build.0 = Release|Any CPU
	EndGlobalSection
	GlobalSection(SolutionProperties) = preSolution
		HideSolutionNode = FALSE
	EndGlobalSection
	GlobalSection(ExtensibilityGlobals) = postSolution
		SolutionGuid = {65A55544-5D54-48F3-855D-C3D7CB10D7EB}
	EndGlobalSection
EndGlobal
