
Microsoft Visual Studio Solution File, Format Version 12.00
# Visual Studio 15
VisualStudioVersion = 15.0.28307.1022
MinimumVisualStudioVersion = 10.0.40219.1
Project("{FAE04EC0-301F-11D3-BF4B-00C04F79EFBC}") = "ConsoleApp", "ConsoleApp\ConsoleApp.csproj", "{113FE0E5-8C1A-45AD-B100-6F09E884B5CF}"
EndProject
Project("{FAE04EC0-301F-11D3-BF4B-00C04F79EFBC}") = "test", "test\test.csproj", "{665E602D-FDD7-4B1C-9208-CFBE96A70280}"
EndProject
Project("{FAE04EC0-301F-11D3-BF4B-00C04F79EFBC}") = "XMLWeather", "..\..\..\Downloads\Weather_forecast_1588440698\Weather forecast\XMLWeather\XMLWeather.csproj", "{CE252199-3DEA-43BD-8816-2ADF58AB8BB4}"
EndProject
Project("{FAE04EC0-301F-11D3-BF4B-00C04F79EFBC}") = "PaySheet", "PaySheet\PaySheet.csproj", "{2326A9D2-37DA-4B37-878C-A5A715CCBEF2}"
EndProject
Global
	GlobalSection(SolutionConfigurationPlatforms) = preSolution
		Debug|Any CPU = Debug|Any CPU
		Release|Any CPU = Release|Any CPU
	EndGlobalSection
	GlobalSection(ProjectConfigurationPlatforms) = postSolution
		{113FE0E5-8C1A-45AD-B100-6F09E884B5CF}.Debug|Any CPU.ActiveCfg = Debug|Any CPU
		{113FE0E5-8C1A-45AD-B100-6F09E884B5CF}.Debug|Any CPU.Build.0 = Debug|Any CPU
		{113FE0E5-8C1A-45AD-B100-6F09E884B5CF}.Release|Any CPU.ActiveCfg = Release|Any CPU
		{113FE0E5-8C1A-45AD-B100-6F09E884B5CF}.Release|Any CPU.Build.0 = Release|Any CPU
		{665E602D-FDD7-4B1C-9208-CFBE96A70280}.Debug|Any CPU.ActiveCfg = Debug|Any CPU
		{665E602D-FDD7-4B1C-9208-CFBE96A70280}.Debug|Any CPU.Build.0 = Debug|Any CPU
		{665E602D-FDD7-4B1C-9208-CFBE96A70280}.Release|Any CPU.ActiveCfg = Release|Any CPU
		{665E602D-FDD7-4B1C-9208-CFBE96A70280}.Release|Any CPU.Build.0 = Release|Any CPU
		{CE252199-3DEA-43BD-8816-2ADF58AB8BB4}.Debug|Any CPU.ActiveCfg = Debug|Any CPU
		{CE252199-3DEA-43BD-8816-2ADF58AB8BB4}.Debug|Any CPU.Build.0 = Debug|Any CPU
		{CE252199-3DEA-43BD-8816-2ADF58AB8BB4}.Release|Any CPU.ActiveCfg = Release|Any CPU
		{CE252199-3DEA-43BD-8816-2ADF58AB8BB4}.Release|Any CPU.Build.0 = Release|Any CPU
		{2326A9D2-37DA-4B37-878C-A5A715CCBEF2}.Debug|Any CPU.ActiveCfg = Debug|Any CPU
		{2326A9D2-37DA-4B37-878C-A5A715CCBEF2}.Debug|Any CPU.Build.0 = Debug|Any CPU
		{2326A9D2-37DA-4B37-878C-A5A715CCBEF2}.Release|Any CPU.ActiveCfg = Release|Any CPU
		{2326A9D2-37DA-4B37-878C-A5A715CCBEF2}.Release|Any CPU.Build.0 = Release|Any CPU
	EndGlobalSection
	GlobalSection(SolutionProperties) = preSolution
		HideSolutionNode = FALSE
	EndGlobalSection
	GlobalSection(ExtensibilityGlobals) = postSolution
		SolutionGuid = {65A55544-5D54-48F3-855D-C3D7CB10D7EB}
	EndGlobalSection
EndGlobal
