
Microsoft Visual Studio Solution File, Format Version 12.00
# Visual Studio 15
VisualStudioVersion = 15.0.28307.1022
MinimumVisualStudioVersion = 10.0.40219.1
Project("{FAE04EC0-301F-11D3-BF4B-00C04F79EFBC}") = "Interfaces", "Interfaces\Interfaces.csproj", "{C8405BC7-F0B0-4373-8CB0-718BC76CE8BE}"
EndProject
Project("{FAE04EC0-301F-11D3-BF4B-00C04F79EFBC}") = "Delegate", "Delegate\Delegate.csproj", "{10A5D93F-F5AB-4745-87FD-AE2356036505}"
EndProject
Project("{FAE04EC0-301F-11D3-BF4B-00C04F79EFBC}") = "INterPrat", "INterPrat\INterPrat.csproj", "{A6B621EB-071A-4E55-BB34-F2CE3C4A6892}"
EndProject
Project("{FAE04EC0-301F-11D3-BF4B-00C04F79EFBC}") = "Account", "Account\Account.csproj", "{A111DA0D-3AC4-4C05-9150-33B6107807C6}"
EndProject
Project("{FAE04EC0-301F-11D3-BF4B-00C04F79EFBC}") = "Event", "Event\Event.csproj", "{1415E239-9EB5-49B8-906C-64A5DA44A2AE}"
EndProject
Project("{FAE04EC0-301F-11D3-BF4B-00C04F79EFBC}") = "Collections", "Collections\Collections.csproj", "{CDE443C1-C9BC-4888-BB0C-F8D0E9EE1400}"
EndProject
Project("{FAE04EC0-301F-11D3-BF4B-00C04F79EFBC}") = "Collections2", "Collections2\Collections2.csproj", "{CC0693A3-C52D-4234-A09A-E7279937A106}"
EndProject
Project("{FAE04EC0-301F-11D3-BF4B-00C04F79EFBC}") = "Generic", "Generic\Generic.csproj", "{67AE2790-538E-41FF-A82C-9F58C876CA1E}"
EndProject
Project("{FAE04EC0-301F-11D3-BF4B-00C04F79EFBC}") = "Generics", "Generics\Generics.csproj", "{340D9EB1-6693-4094-9E52-F73DD5325776}"
EndProject
Project("{FAE04EC0-301F-11D3-BF4B-00C04F79EFBC}") = "Money", "Money\Money.csproj", "{EF5A7F1E-F276-4BD4-A7EF-C55E9081F376}"
EndProject
Project("{FAE04EC0-301F-11D3-BF4B-00C04F79EFBC}") = "FileSystem", "FileSystem\FileSystem.csproj", "{4DE5E41F-A7FF-4D1C-B84E-2CCEDF6ABD16}"
EndProject
Project("{FAE04EC0-301F-11D3-BF4B-00C04F79EFBC}") = "FileSystem2", "FileSystem2\FileSystem2.csproj", "{0211F8FD-1C3D-45AB-88DB-89696929FCF2}"
EndProject
Project("{FAE04EC0-301F-11D3-BF4B-00C04F79EFBC}") = "ConsoleApp", "ConsoleApp\ConsoleApp.csproj", "{113FE0E5-8C1A-45AD-B100-6F09E884B5CF}"
EndProject
Project("{FAE04EC0-301F-11D3-BF4B-00C04F79EFBC}") = "XMLfiles", "XMLfiles\XMLfiles.csproj", "{FEC077FF-C9CF-4428-8EC9-A801A1A047E6}"
EndProject
Project("{FAE04EC0-301F-11D3-BF4B-00C04F79EFBC}") = "XML3", "XML3\XML3.csproj", "{4333EDFD-6406-4718-947C-3D49F98D2497}"
EndProject
Project("{FAE04EC0-301F-11D3-BF4B-00C04F79EFBC}") = "XMLWeather", "XMLWeather\XMLWeather.csproj", "{CE252199-3DEA-43BD-8816-2ADF58AB8BB4}"
EndProject
Global
	GlobalSection(SolutionConfigurationPlatforms) = preSolution
		Debug|Any CPU = Debug|Any CPU
		Release|Any CPU = Release|Any CPU
	EndGlobalSection
	GlobalSection(ProjectConfigurationPlatforms) = postSolution
		{C8405BC7-F0B0-4373-8CB0-718BC76CE8BE}.Debug|Any CPU.ActiveCfg = Debug|Any CPU
		{C8405BC7-F0B0-4373-8CB0-718BC76CE8BE}.Debug|Any CPU.Build.0 = Debug|Any CPU
		{C8405BC7-F0B0-4373-8CB0-718BC76CE8BE}.Release|Any CPU.ActiveCfg = Release|Any CPU
		{C8405BC7-F0B0-4373-8CB0-718BC76CE8BE}.Release|Any CPU.Build.0 = Release|Any CPU
		{10A5D93F-F5AB-4745-87FD-AE2356036505}.Debug|Any CPU.ActiveCfg = Debug|Any CPU
		{10A5D93F-F5AB-4745-87FD-AE2356036505}.Debug|Any CPU.Build.0 = Debug|Any CPU
		{10A5D93F-F5AB-4745-87FD-AE2356036505}.Release|Any CPU.ActiveCfg = Release|Any CPU
		{10A5D93F-F5AB-4745-87FD-AE2356036505}.Release|Any CPU.Build.0 = Release|Any CPU
		{A6B621EB-071A-4E55-BB34-F2CE3C4A6892}.Debug|Any CPU.ActiveCfg = Debug|Any CPU
		{A6B621EB-071A-4E55-BB34-F2CE3C4A6892}.Debug|Any CPU.Build.0 = Debug|Any CPU
		{A6B621EB-071A-4E55-BB34-F2CE3C4A6892}.Release|Any CPU.ActiveCfg = Release|Any CPU
		{A6B621EB-071A-4E55-BB34-F2CE3C4A6892}.Release|Any CPU.Build.0 = Release|Any CPU
		{A111DA0D-3AC4-4C05-9150-33B6107807C6}.Debug|Any CPU.ActiveCfg = Debug|Any CPU
		{A111DA0D-3AC4-4C05-9150-33B6107807C6}.Debug|Any CPU.Build.0 = Debug|Any CPU
		{A111DA0D-3AC4-4C05-9150-33B6107807C6}.Release|Any CPU.ActiveCfg = Release|Any CPU
		{A111DA0D-3AC4-4C05-9150-33B6107807C6}.Release|Any CPU.Build.0 = Release|Any CPU
		{1415E239-9EB5-49B8-906C-64A5DA44A2AE}.Debug|Any CPU.ActiveCfg = Debug|Any CPU
		{1415E239-9EB5-49B8-906C-64A5DA44A2AE}.Debug|Any CPU.Build.0 = Debug|Any CPU
		{1415E239-9EB5-49B8-906C-64A5DA44A2AE}.Release|Any CPU.ActiveCfg = Release|Any CPU
		{1415E239-9EB5-49B8-906C-64A5DA44A2AE}.Release|Any CPU.Build.0 = Release|Any CPU
		{CDE443C1-C9BC-4888-BB0C-F8D0E9EE1400}.Debug|Any CPU.ActiveCfg = Debug|Any CPU
		{CDE443C1-C9BC-4888-BB0C-F8D0E9EE1400}.Debug|Any CPU.Build.0 = Debug|Any CPU
		{CDE443C1-C9BC-4888-BB0C-F8D0E9EE1400}.Release|Any CPU.ActiveCfg = Release|Any CPU
		{CDE443C1-C9BC-4888-BB0C-F8D0E9EE1400}.Release|Any CPU.Build.0 = Release|Any CPU
		{CC0693A3-C52D-4234-A09A-E7279937A106}.Debug|Any CPU.ActiveCfg = Debug|Any CPU
		{CC0693A3-C52D-4234-A09A-E7279937A106}.Debug|Any CPU.Build.0 = Debug|Any CPU
		{CC0693A3-C52D-4234-A09A-E7279937A106}.Release|Any CPU.ActiveCfg = Release|Any CPU
		{CC0693A3-C52D-4234-A09A-E7279937A106}.Release|Any CPU.Build.0 = Release|Any CPU
		{67AE2790-538E-41FF-A82C-9F58C876CA1E}.Debug|Any CPU.ActiveCfg = Debug|Any CPU
		{67AE2790-538E-41FF-A82C-9F58C876CA1E}.Debug|Any CPU.Build.0 = Debug|Any CPU
		{67AE2790-538E-41FF-A82C-9F58C876CA1E}.Release|Any CPU.ActiveCfg = Release|Any CPU
		{67AE2790-538E-41FF-A82C-9F58C876CA1E}.Release|Any CPU.Build.0 = Release|Any CPU
		{340D9EB1-6693-4094-9E52-F73DD5325776}.Debug|Any CPU.ActiveCfg = Debug|Any CPU
		{340D9EB1-6693-4094-9E52-F73DD5325776}.Debug|Any CPU.Build.0 = Debug|Any CPU
		{340D9EB1-6693-4094-9E52-F73DD5325776}.Release|Any CPU.ActiveCfg = Release|Any CPU
		{340D9EB1-6693-4094-9E52-F73DD5325776}.Release|Any CPU.Build.0 = Release|Any CPU
		{EF5A7F1E-F276-4BD4-A7EF-C55E9081F376}.Debug|Any CPU.ActiveCfg = Debug|Any CPU
		{EF5A7F1E-F276-4BD4-A7EF-C55E9081F376}.Debug|Any CPU.Build.0 = Debug|Any CPU
		{EF5A7F1E-F276-4BD4-A7EF-C55E9081F376}.Release|Any CPU.ActiveCfg = Release|Any CPU
		{EF5A7F1E-F276-4BD4-A7EF-C55E9081F376}.Release|Any CPU.Build.0 = Release|Any CPU
		{4DE5E41F-A7FF-4D1C-B84E-2CCEDF6ABD16}.Debug|Any CPU.ActiveCfg = Debug|Any CPU
		{4DE5E41F-A7FF-4D1C-B84E-2CCEDF6ABD16}.Debug|Any CPU.Build.0 = Debug|Any CPU
		{4DE5E41F-A7FF-4D1C-B84E-2CCEDF6ABD16}.Release|Any CPU.ActiveCfg = Release|Any CPU
		{4DE5E41F-A7FF-4D1C-B84E-2CCEDF6ABD16}.Release|Any CPU.Build.0 = Release|Any CPU
		{0211F8FD-1C3D-45AB-88DB-89696929FCF2}.Debug|Any CPU.ActiveCfg = Debug|Any CPU
		{0211F8FD-1C3D-45AB-88DB-89696929FCF2}.Debug|Any CPU.Build.0 = Debug|Any CPU
		{0211F8FD-1C3D-45AB-88DB-89696929FCF2}.Release|Any CPU.ActiveCfg = Release|Any CPU
		{0211F8FD-1C3D-45AB-88DB-89696929FCF2}.Release|Any CPU.Build.0 = Release|Any CPU
		{113FE0E5-8C1A-45AD-B100-6F09E884B5CF}.Debug|Any CPU.ActiveCfg = Debug|Any CPU
		{113FE0E5-8C1A-45AD-B100-6F09E884B5CF}.Debug|Any CPU.Build.0 = Debug|Any CPU
		{113FE0E5-8C1A-45AD-B100-6F09E884B5CF}.Release|Any CPU.ActiveCfg = Release|Any CPU
		{113FE0E5-8C1A-45AD-B100-6F09E884B5CF}.Release|Any CPU.Build.0 = Release|Any CPU
		{FEC077FF-C9CF-4428-8EC9-A801A1A047E6}.Debug|Any CPU.ActiveCfg = Debug|Any CPU
		{FEC077FF-C9CF-4428-8EC9-A801A1A047E6}.Debug|Any CPU.Build.0 = Debug|Any CPU
		{FEC077FF-C9CF-4428-8EC9-A801A1A047E6}.Release|Any CPU.ActiveCfg = Release|Any CPU
		{FEC077FF-C9CF-4428-8EC9-A801A1A047E6}.Release|Any CPU.Build.0 = Release|Any CPU
		{4333EDFD-6406-4718-947C-3D49F98D2497}.Debug|Any CPU.ActiveCfg = Debug|Any CPU
		{4333EDFD-6406-4718-947C-3D49F98D2497}.Debug|Any CPU.Build.0 = Debug|Any CPU
		{4333EDFD-6406-4718-947C-3D49F98D2497}.Release|Any CPU.ActiveCfg = Release|Any CPU
		{4333EDFD-6406-4718-947C-3D49F98D2497}.Release|Any CPU.Build.0 = Release|Any CPU
		{CE252199-3DEA-43BD-8816-2ADF58AB8BB4}.Debug|Any CPU.ActiveCfg = Debug|Any CPU
		{CE252199-3DEA-43BD-8816-2ADF58AB8BB4}.Debug|Any CPU.Build.0 = Debug|Any CPU
		{CE252199-3DEA-43BD-8816-2ADF58AB8BB4}.Release|Any CPU.ActiveCfg = Release|Any CPU
		{CE252199-3DEA-43BD-8816-2ADF58AB8BB4}.Release|Any CPU.Build.0 = Release|Any CPU
	EndGlobalSection
	GlobalSection(SolutionProperties) = preSolution
		HideSolutionNode = FALSE
	EndGlobalSection
	GlobalSection(ExtensibilityGlobals) = postSolution
		SolutionGuid = {65A55544-5D54-48F3-855D-C3D7CB10D7EB}
	EndGlobalSection
EndGlobal
